
Microsoft Visual Studio Solution File, Format Version 12.00
# Visual Studio Version 17
VisualStudioVersion = 17.14.36408.4 d17.14
MinimumVisualStudioVersion = 10.0.40219.1
Project("{FAE04EC0-301F-11D3-BF4B-00C04F79EFBC}") = "SansuPayrollSystemManagement", "SansuPayrollSystemManagement\SansuPayrollSystemManagement.csproj", "{277DD075-F8AD-489E-94AD-C84063EA59C2}"
EndProject
Global
	GlobalSection(SolutionConfigurationPlatforms) = preSolution
		Debug|Any CPU = Debug|Any CPU
		Release|Any CPU = Release|Any CPU
	EndGlobalSection
	GlobalSection(ProjectConfigurationPlatforms) = postSolution
		{277DD075-F8AD-489E-94AD-C84063EA59C2}.Debug|Any CPU.ActiveCfg = Debug|Any CPU
		{277DD075-F8AD-489E-94AD-C84063EA59C2}.Debug|Any CPU.Build.0 = Debug|Any CPU
		{277DD075-F8AD-489E-94AD-C84063EA59C2}.Release|Any CPU.ActiveCfg = Release|Any CPU
		{277DD075-F8AD-489E-94AD-C84063EA59C2}.Release|Any CPU.Build.0 = Release|Any CPU
	EndGlobalSection
	GlobalSection(SolutionProperties) = preSolution
		HideSolutionNode = FALSE
	EndGlobalSection
	GlobalSection(ExtensibilityGlobals) = postSolution
		SolutionGuid = {9979B081-F8A5-4021-9661-BFC17BF4738C}
	EndGlobalSection
EndGlobal
